// !$*UTF8*$!
{
	archiveVersion = 1;
	classes = {
	};
	objectVersion = 50;
	objects = {

/* Begin PBXBuildFile section */
		9F0776352316701400BBA3B6 /* AdvicesView.swift in Sources */ = {isa = PBXBuildFile; fileRef = 9F0776342316701400BBA3B6 /* AdvicesView.swift */; };
		9F0776372316701F00BBA3B6 /* LawsView.swift in Sources */ = {isa = PBXBuildFile; fileRef = 9F0776362316701F00BBA3B6 /* LawsView.swift */; };
		9F0776392316702900BBA3B6 /* LawsNavigationRow.swift in Sources */ = {isa = PBXBuildFile; fileRef = 9F0776382316702900BBA3B6 /* LawsNavigationRow.swift */; };
		9F07763B2316703100BBA3B6 /* DifficultSituationsView.swift in Sources */ = {isa = PBXBuildFile; fileRef = 9F07763A2316703100BBA3B6 /* DifficultSituationsView.swift */; };
		9F07763D2316704100BBA3B6 /* EmergencyNumbersView.swift in Sources */ = {isa = PBXBuildFile; fileRef = 9F07763C2316704100BBA3B6 /* EmergencyNumbersView.swift */; };
		9F07763F2316704E00BBA3B6 /* InstitutionsView.swift in Sources */ = {isa = PBXBuildFile; fileRef = 9F07763E2316704E00BBA3B6 /* InstitutionsView.swift */; };
		9F0776412316706200BBA3B6 /* test.json in Resources */ = {isa = PBXBuildFile; fileRef = 9F0776402316706200BBA3B6 /* test.json */; };
		9F0776432316706D00BBA3B6 /* LawDetail.swift in Sources */ = {isa = PBXBuildFile; fileRef = 9F0776422316706D00BBA3B6 /* LawDetail.swift */; };
		9F0776452316707100BBA3B6 /* MainView.swift in Sources */ = {isa = PBXBuildFile; fileRef = 9F0776442316707100BBA3B6 /* MainView.swift */; };
		9F0776472316707E00BBA3B6 /* Menu.swift in Sources */ = {isa = PBXBuildFile; fileRef = 9F0776462316707E00BBA3B6 /* Menu.swift */; };
		9F0776492316708400BBA3B6 /* EmergencyNumbers.swift in Sources */ = {isa = PBXBuildFile; fileRef = 9F0776482316708400BBA3B6 /* EmergencyNumbers.swift */; };
		9F0776872316724D00BBA3B6 /* Menu.json in Resources */ = {isa = PBXBuildFile; fileRef = 9F0776862316724D00BBA3B6 /* Menu.json */; };
		9F0776892316725400BBA3B6 /* Advice.json in Resources */ = {isa = PBXBuildFile; fileRef = 9F0776882316725300BBA3B6 /* Advice.json */; };
		9F07768B2316725C00BBA3B6 /* EmergencyNumbers.json in Resources */ = {isa = PBXBuildFile; fileRef = 9F07768A2316725C00BBA3B6 /* EmergencyNumbers.json */; };
		9F07768D231726CC00BBA3B6 /* Advices.swift in Sources */ = {isa = PBXBuildFile; fileRef = 9F07768C231726CC00BBA3B6 /* Advices.swift */; };
		9F07768F2317F24100BBA3B6 /* AdvicesDetail.swift in Sources */ = {isa = PBXBuildFile; fileRef = 9F07768E2317F24100BBA3B6 /* AdvicesDetail.swift */; };
		9F2846E0234B69330009E58B /* InstitutionsDetail.swift in Sources */ = {isa = PBXBuildFile; fileRef = 9F2846DF234B69330009E58B /* InstitutionsDetail.swift */; };
		9F2846E2234B6B660009E58B /* InstitutionsNavigationRow.swift in Sources */ = {isa = PBXBuildFile; fileRef = 9F2846E1234B6B660009E58B /* InstitutionsNavigationRow.swift */; };
		9F2846E4234B800A0009E58B /* InstitutionMapView.swift in Sources */ = {isa = PBXBuildFile; fileRef = 9F2846E3234B800A0009E58B /* InstitutionMapView.swift */; };
		9F96DF1F231ED8DB001F4027 /* AdvicesNavigationRow.swift in Sources */ = {isa = PBXBuildFile; fileRef = 9F96DF1E231ED8DB001F4027 /* AdvicesNavigationRow.swift */; };
		9F96DF21231EDDC8001F4027 /* DifficultSituations.json in Resources */ = {isa = PBXBuildFile; fileRef = 9F96DF20231EDDC8001F4027 /* DifficultSituations.json */; };
		9F96DF23231EDE10001F4027 /* DifficultSituations.swift in Sources */ = {isa = PBXBuildFile; fileRef = 9F96DF22231EDE10001F4027 /* DifficultSituations.swift */; };
		9F96DF25231EDE7C001F4027 /* SituationsDetail.swift in Sources */ = {isa = PBXBuildFile; fileRef = 9F96DF24231EDE7C001F4027 /* SituationsDetail.swift */; };
		9F96DF27231EDE8B001F4027 /* SituationsNavigationRow.swift in Sources */ = {isa = PBXBuildFile; fileRef = 9F96DF26231EDE8B001F4027 /* SituationsNavigationRow.swift */; };
		9FEA34B8234510EE0027D0EA /* Institutions.json in Resources */ = {isa = PBXBuildFile; fileRef = 9FEA34B7234510EE0027D0EA /* Institutions.json */; };
		9FEA34BA23451C600027D0EA /* Institutions.swift in Sources */ = {isa = PBXBuildFile; fileRef = 9FEA34B923451C600027D0EA /* Institutions.swift */; };
		A144DEB922FB172900A15921 /* Contents.json in Resources */ = {isa = PBXBuildFile; fileRef = A144DEB822FB172900A15921 /* Contents.json */; settings = {ASSET_TAGS = (contents, ); }; };
		A14BC33C2305E7D400D02376 /* Laws.json in Resources */ = {isa = PBXBuildFile; fileRef = A14BC3382305A09A00D02376 /* Laws.json */; };
		A14BC3432305EBCA00D02376 /* DataLoader.swift in Sources */ = {isa = PBXBuildFile; fileRef = A14BC33A2305CFF100D02376 /* DataLoader.swift */; };
		A14BC3442305EBD000D02376 /* Laws.swift in Sources */ = {isa = PBXBuildFile; fileRef = A14BC33B2305CFF100D02376 /* Laws.swift */; };
		A19CECB422F36E6B002BF935 /* AppDelegate.swift in Sources */ = {isa = PBXBuildFile; fileRef = A19CECB322F36E6B002BF935 /* AppDelegate.swift */; };
		A19CECB622F36E6B002BF935 /* SceneDelegate.swift in Sources */ = {isa = PBXBuildFile; fileRef = A19CECB522F36E6B002BF935 /* SceneDelegate.swift */; };
		A19CECB822F36E6B002BF935 /* ContentView.swift in Sources */ = {isa = PBXBuildFile; fileRef = A19CECB722F36E6B002BF935 /* ContentView.swift */; };
		A19CECBA22F36E6D002BF935 /* Assets.xcassets in Resources */ = {isa = PBXBuildFile; fileRef = A19CECB922F36E6D002BF935 /* Assets.xcassets */; };
		A19CECBD22F36E6D002BF935 /* Preview Assets.xcassets in Resources */ = {isa = PBXBuildFile; fileRef = A19CECBC22F36E6D002BF935 /* Preview Assets.xcassets */; };
		A19CECC022F36E6D002BF935 /* LaunchScreen.storyboard in Resources */ = {isa = PBXBuildFile; fileRef = A19CECBE22F36E6D002BF935 /* LaunchScreen.storyboard */; };
		A19CECCB22F36E6D002BF935 /* StaySafeTests.swift in Sources */ = {isa = PBXBuildFile; fileRef = A19CECCA22F36E6D002BF935 /* StaySafeTests.swift */; };
		A19CECD622F36E6D002BF935 /* StaySafeUITests.swift in Sources */ = {isa = PBXBuildFile; fileRef = A19CECD522F36E6D002BF935 /* StaySafeUITests.swift */; };
/* End PBXBuildFile section */

/* Begin PBXContainerItemProxy section */
		A19CECC722F36E6D002BF935 /* PBXContainerItemProxy */ = {
			isa = PBXContainerItemProxy;
			containerPortal = A19CECA822F36E6B002BF935 /* Project object */;
			proxyType = 1;
			remoteGlobalIDString = A19CECAF22F36E6B002BF935;
			remoteInfo = StaySafe;
		};
		A19CECD222F36E6D002BF935 /* PBXContainerItemProxy */ = {
			isa = PBXContainerItemProxy;
			containerPortal = A19CECA822F36E6B002BF935 /* Project object */;
			proxyType = 1;
			remoteGlobalIDString = A19CECAF22F36E6B002BF935;
			remoteInfo = StaySafe;
		};
/* End PBXContainerItemProxy section */

/* Begin PBXFileReference section */
		9F0776342316701400BBA3B6 /* AdvicesView.swift */ = {isa = PBXFileReference; fileEncoding = 4; lastKnownFileType = sourcecode.swift; path = AdvicesView.swift; sourceTree = "<group>"; };
		9F0776362316701F00BBA3B6 /* LawsView.swift */ = {isa = PBXFileReference; fileEncoding = 4; lastKnownFileType = sourcecode.swift; path = LawsView.swift; sourceTree = "<group>"; };
		9F0776382316702900BBA3B6 /* LawsNavigationRow.swift */ = {isa = PBXFileReference; fileEncoding = 4; lastKnownFileType = sourcecode.swift; path = LawsNavigationRow.swift; sourceTree = "<group>"; };
		9F07763A2316703100BBA3B6 /* DifficultSituationsView.swift */ = {isa = PBXFileReference; fileEncoding = 4; lastKnownFileType = sourcecode.swift; path = DifficultSituationsView.swift; sourceTree = "<group>"; };
		9F07763C2316704100BBA3B6 /* EmergencyNumbersView.swift */ = {isa = PBXFileReference; fileEncoding = 4; lastKnownFileType = sourcecode.swift; path = EmergencyNumbersView.swift; sourceTree = "<group>"; };
		9F07763E2316704E00BBA3B6 /* InstitutionsView.swift */ = {isa = PBXFileReference; fileEncoding = 4; lastKnownFileType = sourcecode.swift; path = InstitutionsView.swift; sourceTree = "<group>"; };
		9F0776402316706200BBA3B6 /* test.json */ = {isa = PBXFileReference; fileEncoding = 4; lastKnownFileType = text.json; name = test.json; path = StaySafe/test.json; sourceTree = SOURCE_ROOT; };
		9F0776422316706D00BBA3B6 /* LawDetail.swift */ = {isa = PBXFileReference; fileEncoding = 4; lastKnownFileType = sourcecode.swift; path = LawDetail.swift; sourceTree = "<group>"; };
		9F0776442316707100BBA3B6 /* MainView.swift */ = {isa = PBXFileReference; fileEncoding = 4; lastKnownFileType = sourcecode.swift; path = MainView.swift; sourceTree = "<group>"; };
		9F0776462316707E00BBA3B6 /* Menu.swift */ = {isa = PBXFileReference; fileEncoding = 4; lastKnownFileType = sourcecode.swift; path = Menu.swift; sourceTree = "<group>"; };
		9F0776482316708400BBA3B6 /* EmergencyNumbers.swift */ = {isa = PBXFileReference; fileEncoding = 4; lastKnownFileType = sourcecode.swift; path = EmergencyNumbers.swift; sourceTree = "<group>"; };
		9F0776862316724D00BBA3B6 /* Menu.json */ = {isa = PBXFileReference; fileEncoding = 4; lastKnownFileType = text.json; path = Menu.json; sourceTree = "<group>"; };
		9F0776882316725300BBA3B6 /* Advice.json */ = {isa = PBXFileReference; fileEncoding = 4; lastKnownFileType = text.json; path = Advice.json; sourceTree = "<group>"; };
		9F07768A2316725C00BBA3B6 /* EmergencyNumbers.json */ = {isa = PBXFileReference; fileEncoding = 4; lastKnownFileType = text.json; path = EmergencyNumbers.json; sourceTree = "<group>"; };
		9F07768C231726CC00BBA3B6 /* Advices.swift */ = {isa = PBXFileReference; lastKnownFileType = sourcecode.swift; path = Advices.swift; sourceTree = "<group>"; };
		9F07768E2317F24100BBA3B6 /* AdvicesDetail.swift */ = {isa = PBXFileReference; lastKnownFileType = sourcecode.swift; path = AdvicesDetail.swift; sourceTree = "<group>"; };
		9F2846DF234B69330009E58B /* InstitutionsDetail.swift */ = {isa = PBXFileReference; lastKnownFileType = sourcecode.swift; path = InstitutionsDetail.swift; sourceTree = "<group>"; };
		9F2846E1234B6B660009E58B /* InstitutionsNavigationRow.swift */ = {isa = PBXFileReference; lastKnownFileType = sourcecode.swift; path = InstitutionsNavigationRow.swift; sourceTree = "<group>"; };
		9F2846E3234B800A0009E58B /* InstitutionMapView.swift */ = {isa = PBXFileReference; lastKnownFileType = sourcecode.swift; path = InstitutionMapView.swift; sourceTree = "<group>"; };
		9F96DF1E231ED8DB001F4027 /* AdvicesNavigationRow.swift */ = {isa = PBXFileReference; lastKnownFileType = sourcecode.swift; path = AdvicesNavigationRow.swift; sourceTree = "<group>"; };
		9F96DF20231EDDC8001F4027 /* DifficultSituations.json */ = {isa = PBXFileReference; fileEncoding = 4; lastKnownFileType = text.json; path = DifficultSituations.json; sourceTree = "<group>"; };
		9F96DF22231EDE10001F4027 /* DifficultSituations.swift */ = {isa = PBXFileReference; lastKnownFileType = sourcecode.swift; path = DifficultSituations.swift; sourceTree = "<group>"; };
		9F96DF24231EDE7C001F4027 /* SituationsDetail.swift */ = {isa = PBXFileReference; lastKnownFileType = sourcecode.swift; path = SituationsDetail.swift; sourceTree = "<group>"; };
		9F96DF26231EDE8B001F4027 /* SituationsNavigationRow.swift */ = {isa = PBXFileReference; lastKnownFileType = sourcecode.swift; path = SituationsNavigationRow.swift; sourceTree = "<group>"; };
		9FEA34B7234510EE0027D0EA /* Institutions.json */ = {isa = PBXFileReference; fileEncoding = 4; lastKnownFileType = text.json; path = Institutions.json; sourceTree = "<group>"; };
		9FEA34B923451C600027D0EA /* Institutions.swift */ = {isa = PBXFileReference; lastKnownFileType = sourcecode.swift; path = Institutions.swift; sourceTree = "<group>"; };
		A144DEB822FB172900A15921 /* Contents.json */ = {isa = PBXFileReference; fileEncoding = 4; lastKnownFileType = text.json; path = Contents.json; sourceTree = "<group>"; xcLanguageSpecificationIdentifier = xcode.lang.json; };
		A14BC3382305A09A00D02376 /* Laws.json */ = {isa = PBXFileReference; lastKnownFileType = text.json; name = Laws.json; path = ../Laws.json; sourceTree = "<group>"; };
		A14BC33A2305CFF100D02376 /* DataLoader.swift */ = {isa = PBXFileReference; lastKnownFileType = sourcecode.swift; path = DataLoader.swift; sourceTree = "<group>"; };
		A14BC33B2305CFF100D02376 /* Laws.swift */ = {isa = PBXFileReference; lastKnownFileType = sourcecode.swift; path = Laws.swift; sourceTree = "<group>"; };
		A19CECB022F36E6B002BF935 /* StaySafe.app */ = {isa = PBXFileReference; explicitFileType = wrapper.application; includeInIndex = 0; path = StaySafe.app; sourceTree = BUILT_PRODUCTS_DIR; };
		A19CECB322F36E6B002BF935 /* AppDelegate.swift */ = {isa = PBXFileReference; lastKnownFileType = sourcecode.swift; path = AppDelegate.swift; sourceTree = "<group>"; };
		A19CECB522F36E6B002BF935 /* SceneDelegate.swift */ = {isa = PBXFileReference; lastKnownFileType = sourcecode.swift; path = SceneDelegate.swift; sourceTree = "<group>"; };
		A19CECB722F36E6B002BF935 /* ContentView.swift */ = {isa = PBXFileReference; lastKnownFileType = sourcecode.swift; path = ContentView.swift; sourceTree = "<group>"; };
		A19CECB922F36E6D002BF935 /* Assets.xcassets */ = {isa = PBXFileReference; lastKnownFileType = folder.assetcatalog; path = Assets.xcassets; sourceTree = "<group>"; };
		A19CECBC22F36E6D002BF935 /* Preview Assets.xcassets */ = {isa = PBXFileReference; lastKnownFileType = folder.assetcatalog; path = "Preview Assets.xcassets"; sourceTree = "<group>"; };
		A19CECBF22F36E6D002BF935 /* Base */ = {isa = PBXFileReference; lastKnownFileType = file.storyboard; name = Base; path = Base.lproj/LaunchScreen.storyboard; sourceTree = "<group>"; };
		A19CECC122F36E6D002BF935 /* Info.plist */ = {isa = PBXFileReference; lastKnownFileType = text.plist.xml; path = Info.plist; sourceTree = "<group>"; };
		A19CECC622F36E6D002BF935 /* StaySafeTests.xctest */ = {isa = PBXFileReference; explicitFileType = wrapper.cfbundle; includeInIndex = 0; path = StaySafeTests.xctest; sourceTree = BUILT_PRODUCTS_DIR; };
		A19CECCA22F36E6D002BF935 /* StaySafeTests.swift */ = {isa = PBXFileReference; lastKnownFileType = sourcecode.swift; path = StaySafeTests.swift; sourceTree = "<group>"; };
		A19CECCC22F36E6D002BF935 /* Info.plist */ = {isa = PBXFileReference; lastKnownFileType = text.plist.xml; path = Info.plist; sourceTree = "<group>"; };
		A19CECD122F36E6D002BF935 /* StaySafeUITests.xctest */ = {isa = PBXFileReference; explicitFileType = wrapper.cfbundle; includeInIndex = 0; path = StaySafeUITests.xctest; sourceTree = BUILT_PRODUCTS_DIR; };
		A19CECD522F36E6D002BF935 /* StaySafeUITests.swift */ = {isa = PBXFileReference; lastKnownFileType = sourcecode.swift; path = StaySafeUITests.swift; sourceTree = "<group>"; };
		A19CECD722F36E6D002BF935 /* Info.plist */ = {isa = PBXFileReference; lastKnownFileType = text.plist.xml; path = Info.plist; sourceTree = "<group>"; };
/* End PBXFileReference section */

/* Begin PBXFrameworksBuildPhase section */
		A19CECAD22F36E6B002BF935 /* Frameworks */ = {
			isa = PBXFrameworksBuildPhase;
			buildActionMask = 2147483647;
			files = (
			);
			runOnlyForDeploymentPostprocessing = 0;
		};
		A19CECC322F36E6D002BF935 /* Frameworks */ = {
			isa = PBXFrameworksBuildPhase;
			buildActionMask = 2147483647;
			files = (
			);
			runOnlyForDeploymentPostprocessing = 0;
		};
		A19CECCE22F36E6D002BF935 /* Frameworks */ = {
			isa = PBXFrameworksBuildPhase;
			buildActionMask = 2147483647;
			files = (
			);
			runOnlyForDeploymentPostprocessing = 0;
		};
/* End PBXFrameworksBuildPhase section */

/* Begin PBXGroup section */
		9FEA34B123450E570027D0EA /* Views */ = {
			isa = PBXGroup;
			children = (
				9FEA34B623450E8E0027D0EA /* Institutions */,
				9FEA34B523450E7C0027D0EA /* DifficultSituations */,
				9FEA34B423450E750027D0EA /* EmergencyNumbers */,
				9FEA34B323450E6F0027D0EA /* Laws */,
				9FEA34B223450E620027D0EA /* Advices */,
			);
			path = Views;
			sourceTree = "<group>";
		};
		9FEA34B223450E620027D0EA /* Advices */ = {
			isa = PBXGroup;
			children = (
				9F96DF1E231ED8DB001F4027 /* AdvicesNavigationRow.swift */,
				9F07768E2317F24100BBA3B6 /* AdvicesDetail.swift */,
				9F0776342316701400BBA3B6 /* AdvicesView.swift */,
			);
			path = Advices;
			sourceTree = "<group>";
		};
		9FEA34B323450E6F0027D0EA /* Laws */ = {
			isa = PBXGroup;
			children = (
				9F0776422316706D00BBA3B6 /* LawDetail.swift */,
				9F0776362316701F00BBA3B6 /* LawsView.swift */,
				9F0776382316702900BBA3B6 /* LawsNavigationRow.swift */,
			);
			path = Laws;
			sourceTree = "<group>";
		};
		9FEA34B423450E750027D0EA /* EmergencyNumbers */ = {
			isa = PBXGroup;
			children = (
				9F07763C2316704100BBA3B6 /* EmergencyNumbersView.swift */,
			);
			path = EmergencyNumbers;
			sourceTree = "<group>";
		};
		9FEA34B523450E7C0027D0EA /* DifficultSituations */ = {
			isa = PBXGroup;
			children = (
				9F07763A2316703100BBA3B6 /* DifficultSituationsView.swift */,
				9F96DF26231EDE8B001F4027 /* SituationsNavigationRow.swift */,
				9F96DF24231EDE7C001F4027 /* SituationsDetail.swift */,
			);
			path = DifficultSituations;
			sourceTree = "<group>";
		};
		9FEA34B623450E8E0027D0EA /* Institutions */ = {
			isa = PBXGroup;
			children = (
				9F07763E2316704E00BBA3B6 /* InstitutionsView.swift */,
				9F2846DF234B69330009E58B /* InstitutionsDetail.swift */,
				9F2846E1234B6B660009E58B /* InstitutionsNavigationRow.swift */,
				9F2846E3234B800A0009E58B /* InstitutionMapView.swift */,
			);
			path = Institutions;
			sourceTree = "<group>";
		};
		A144DEB722FB172900A15921 /* Resources */ = {
			isa = PBXGroup;
			children = (
				9FEA34B7234510EE0027D0EA /* Institutions.json */,
				9F96DF20231EDDC8001F4027 /* DifficultSituations.json */,
				9F0776882316725300BBA3B6 /* Advice.json */,
				A14BC3382305A09A00D02376 /* Laws.json */,
				9F07768A2316725C00BBA3B6 /* EmergencyNumbers.json */,
				9F0776862316724D00BBA3B6 /* Menu.json */,
				A144DEB822FB172900A15921 /* Contents.json */,
			);
			path = Resources;
			sourceTree = "<group>";
		};
		A14BC3392305CFE300D02376 /* Models */ = {
			isa = PBXGroup;
			children = (
				9F07768C231726CC00BBA3B6 /* Advices.swift */,
				A14BC33B2305CFF100D02376 /* Laws.swift */,
				A14BC33A2305CFF100D02376 /* DataLoader.swift */,
				9F0776482316708400BBA3B6 /* EmergencyNumbers.swift */,
				9F0776462316707E00BBA3B6 /* Menu.swift */,
				9F96DF22231EDE10001F4027 /* DifficultSituations.swift */,
				9FEA34B923451C600027D0EA /* Institutions.swift */,
			);
			path = Models;
			sourceTree = "<group>";
		};
		A19CECA722F36E6B002BF935 = {
			isa = PBXGroup;
			children = (
				A19CECB222F36E6B002BF935 /* StaySafe */,
				A19CECC922F36E6D002BF935 /* StaySafeTests */,
				A19CECD422F36E6D002BF935 /* StaySafeUITests */,
				A19CECB122F36E6B002BF935 /* Products */,
			);
			sourceTree = "<group>";
		};
		A19CECB122F36E6B002BF935 /* Products */ = {
			isa = PBXGroup;
			children = (
				A19CECB022F36E6B002BF935 /* StaySafe.app */,
				A19CECC622F36E6D002BF935 /* StaySafeTests.xctest */,
				A19CECD122F36E6D002BF935 /* StaySafeUITests.xctest */,
			);
			name = Products;
			sourceTree = "<group>";
		};
		A19CECB222F36E6B002BF935 /* StaySafe */ = {
			isa = PBXGroup;
			children = (
				9FEA34B123450E570027D0EA /* Views */,
				A14BC3392305CFE300D02376 /* Models */,
				A144DEB722FB172900A15921 /* Resources */,
				A19CECB322F36E6B002BF935 /* AppDelegate.swift */,
				A19CECB522F36E6B002BF935 /* SceneDelegate.swift */,
				A19CECB722F36E6B002BF935 /* ContentView.swift */,
				A19CECB922F36E6D002BF935 /* Assets.xcassets */,
				A19CECBE22F36E6D002BF935 /* LaunchScreen.storyboard */,
				A19CECC122F36E6D002BF935 /* Info.plist */,
				9F0776442316707100BBA3B6 /* MainView.swift */,
				9F0776402316706200BBA3B6 /* test.json */,
				A19CECBB22F36E6D002BF935 /* Preview Content */,
			);
			path = StaySafe;
			sourceTree = "<group>";
		};
		A19CECBB22F36E6D002BF935 /* Preview Content */ = {
			isa = PBXGroup;
			children = (
				A19CECBC22F36E6D002BF935 /* Preview Assets.xcassets */,
			);
			path = "Preview Content";
			sourceTree = "<group>";
		};
		A19CECC922F36E6D002BF935 /* StaySafeTests */ = {
			isa = PBXGroup;
			children = (
				A19CECCA22F36E6D002BF935 /* StaySafeTests.swift */,
				A19CECCC22F36E6D002BF935 /* Info.plist */,
			);
			path = StaySafeTests;
			sourceTree = "<group>";
		};
		A19CECD422F36E6D002BF935 /* StaySafeUITests */ = {
			isa = PBXGroup;
			children = (
				A19CECD522F36E6D002BF935 /* StaySafeUITests.swift */,
				A19CECD722F36E6D002BF935 /* Info.plist */,
			);
			path = StaySafeUITests;
			sourceTree = "<group>";
		};
/* End PBXGroup section */

/* Begin PBXNativeTarget section */
		A19CECAF22F36E6B002BF935 /* StaySafe */ = {
			isa = PBXNativeTarget;
			buildConfigurationList = A19CECDA22F36E6D002BF935 /* Build configuration list for PBXNativeTarget "StaySafe" */;
			buildPhases = (
				A19CECAC22F36E6B002BF935 /* Sources */,
				A19CECAD22F36E6B002BF935 /* Frameworks */,
				A19CECAE22F36E6B002BF935 /* Resources */,
			);
			buildRules = (
			);
			dependencies = (
			);
			name = StaySafe;
			productName = StaySafe;
			productReference = A19CECB022F36E6B002BF935 /* StaySafe.app */;
			productType = "com.apple.product-type.application";
		};
		A19CECC522F36E6D002BF935 /* StaySafeTests */ = {
			isa = PBXNativeTarget;
			buildConfigurationList = A19CECDD22F36E6D002BF935 /* Build configuration list for PBXNativeTarget "StaySafeTests" */;
			buildPhases = (
				A19CECC222F36E6D002BF935 /* Sources */,
				A19CECC322F36E6D002BF935 /* Frameworks */,
				A19CECC422F36E6D002BF935 /* Resources */,
			);
			buildRules = (
			);
			dependencies = (
				A19CECC822F36E6D002BF935 /* PBXTargetDependency */,
			);
			name = StaySafeTests;
			productName = StaySafeTests;
			productReference = A19CECC622F36E6D002BF935 /* StaySafeTests.xctest */;
			productType = "com.apple.product-type.bundle.unit-test";
		};
		A19CECD022F36E6D002BF935 /* StaySafeUITests */ = {
			isa = PBXNativeTarget;
			buildConfigurationList = A19CECE022F36E6D002BF935 /* Build configuration list for PBXNativeTarget "StaySafeUITests" */;
			buildPhases = (
				A19CECCD22F36E6D002BF935 /* Sources */,
				A19CECCE22F36E6D002BF935 /* Frameworks */,
				A19CECCF22F36E6D002BF935 /* Resources */,
			);
			buildRules = (
			);
			dependencies = (
				A19CECD322F36E6D002BF935 /* PBXTargetDependency */,
			);
			name = StaySafeUITests;
			productName = StaySafeUITests;
			productReference = A19CECD122F36E6D002BF935 /* StaySafeUITests.xctest */;
			productType = "com.apple.product-type.bundle.ui-testing";
		};
/* End PBXNativeTarget section */

/* Begin PBXProject section */
		A19CECA822F36E6B002BF935 /* Project object */ = {
			isa = PBXProject;
			attributes = {
				KnownAssetTags = (
					contents,
				);
				LastSwiftUpdateCheck = 1100;
				LastUpgradeCheck = 1100;
				ORGANIZATIONNAME = stud;
				TargetAttributes = {
					A19CECAF22F36E6B002BF935 = {
						CreatedOnToolsVersion = 11.0;
					};
					A19CECC522F36E6D002BF935 = {
						CreatedOnToolsVersion = 11.0;
						TestTargetID = A19CECAF22F36E6B002BF935;
					};
					A19CECD022F36E6D002BF935 = {
						CreatedOnToolsVersion = 11.0;
						TestTargetID = A19CECAF22F36E6B002BF935;
					};
				};
			};
			buildConfigurationList = A19CECAB22F36E6B002BF935 /* Build configuration list for PBXProject "StaySafe" */;
			compatibilityVersion = "Xcode 9.3";
			developmentRegion = en;
			hasScannedForEncodings = 0;
			knownRegions = (
				en,
				Base,
			);
			mainGroup = A19CECA722F36E6B002BF935;
			productRefGroup = A19CECB122F36E6B002BF935 /* Products */;
			projectDirPath = "";
			projectRoot = "";
			targets = (
				A19CECAF22F36E6B002BF935 /* StaySafe */,
				A19CECC522F36E6D002BF935 /* StaySafeTests */,
				A19CECD022F36E6D002BF935 /* StaySafeUITests */,
			);
		};
/* End PBXProject section */

/* Begin PBXResourcesBuildPhase section */
		A19CECAE22F36E6B002BF935 /* Resources */ = {
			isa = PBXResourcesBuildPhase;
			buildActionMask = 2147483647;
			files = (
				A19CECC022F36E6D002BF935 /* LaunchScreen.storyboard in Resources */,
				9F96DF21231EDDC8001F4027 /* DifficultSituations.json in Resources */,
				A19CECBD22F36E6D002BF935 /* Preview Assets.xcassets in Resources */,
				9F07768B2316725C00BBA3B6 /* EmergencyNumbers.json in Resources */,
				9F0776872316724D00BBA3B6 /* Menu.json in Resources */,
				A14BC33C2305E7D400D02376 /* Laws.json in Resources */,
				A19CECBA22F36E6D002BF935 /* Assets.xcassets in Resources */,
				A144DEB922FB172900A15921 /* Contents.json in Resources */,
				9FEA34B8234510EE0027D0EA /* Institutions.json in Resources */,
				9F0776412316706200BBA3B6 /* test.json in Resources */,
				9F0776892316725400BBA3B6 /* Advice.json in Resources */,
			);
			runOnlyForDeploymentPostprocessing = 0;
		};
		A19CECC422F36E6D002BF935 /* Resources */ = {
			isa = PBXResourcesBuildPhase;
			buildActionMask = 2147483647;
			files = (
			);
			runOnlyForDeploymentPostprocessing = 0;
		};
		A19CECCF22F36E6D002BF935 /* Resources */ = {
			isa = PBXResourcesBuildPhase;
			buildActionMask = 2147483647;
			files = (
			);
			runOnlyForDeploymentPostprocessing = 0;
		};
/* End PBXResourcesBuildPhase section */

/* Begin PBXSourcesBuildPhase section */
		A19CECAC22F36E6B002BF935 /* Sources */ = {
			isa = PBXSourcesBuildPhase;
			buildActionMask = 2147483647;
			files = (
				9F07763B2316703100BBA3B6 /* DifficultSituationsView.swift in Sources */,
				9F0776432316706D00BBA3B6 /* LawDetail.swift in Sources */,
				A14BC3432305EBCA00D02376 /* DataLoader.swift in Sources */,
				9F96DF27231EDE8B001F4027 /* SituationsNavigationRow.swift in Sources */,
				9FEA34BA23451C600027D0EA /* Institutions.swift in Sources */,
				9F96DF25231EDE7C001F4027 /* SituationsDetail.swift in Sources */,
				A19CECB422F36E6B002BF935 /* AppDelegate.swift in Sources */,
				9F96DF1F231ED8DB001F4027 /* AdvicesNavigationRow.swift in Sources */,
				9F0776392316702900BBA3B6 /* LawsNavigationRow.swift in Sources */,
				9F2846E4234B800A0009E58B /* InstitutionMapView.swift in Sources */,
				9F96DF23231EDE10001F4027 /* DifficultSituations.swift in Sources */,
				9F2846E0234B69330009E58B /* InstitutionsDetail.swift in Sources */,
				A19CECB622F36E6B002BF935 /* SceneDelegate.swift in Sources */,
				9F07763D2316704100BBA3B6 /* EmergencyNumbersView.swift in Sources */,
				9F07768F2317F24100BBA3B6 /* AdvicesDetail.swift in Sources */,
				9F07768D231726CC00BBA3B6 /* Advices.swift in Sources */,
				9F2846E2234B6B660009E58B /* InstitutionsNavigationRow.swift in Sources */,
				9F07763F2316704E00BBA3B6 /* InstitutionsView.swift in Sources */,
				9F0776492316708400BBA3B6 /* EmergencyNumbers.swift in Sources */,
				A14BC3442305EBD000D02376 /* Laws.swift in Sources */,
				9F0776472316707E00BBA3B6 /* Menu.swift in Sources */,
				9F0776372316701F00BBA3B6 /* LawsView.swift in Sources */,
				9F0776352316701400BBA3B6 /* AdvicesView.swift in Sources */,
				9F0776452316707100BBA3B6 /* MainView.swift in Sources */,
				A19CECB822F36E6B002BF935 /* ContentView.swift in Sources */,
			);
			runOnlyForDeploymentPostprocessing = 0;
		};
		A19CECC222F36E6D002BF935 /* Sources */ = {
			isa = PBXSourcesBuildPhase;
			buildActionMask = 2147483647;
			files = (
				A19CECCB22F36E6D002BF935 /* StaySafeTests.swift in Sources */,
			);
			runOnlyForDeploymentPostprocessing = 0;
		};
		A19CECCD22F36E6D002BF935 /* Sources */ = {
			isa = PBXSourcesBuildPhase;
			buildActionMask = 2147483647;
			files = (
				A19CECD622F36E6D002BF935 /* StaySafeUITests.swift in Sources */,
			);
			runOnlyForDeploymentPostprocessing = 0;
		};
/* End PBXSourcesBuildPhase section */

/* Begin PBXTargetDependency section */
		A19CECC822F36E6D002BF935 /* PBXTargetDependency */ = {
			isa = PBXTargetDependency;
			target = A19CECAF22F36E6B002BF935 /* StaySafe */;
			targetProxy = A19CECC722F36E6D002BF935 /* PBXContainerItemProxy */;
		};
		A19CECD322F36E6D002BF935 /* PBXTargetDependency */ = {
			isa = PBXTargetDependency;
			target = A19CECAF22F36E6B002BF935 /* StaySafe */;
			targetProxy = A19CECD222F36E6D002BF935 /* PBXContainerItemProxy */;
		};
/* End PBXTargetDependency section */

/* Begin PBXVariantGroup section */
		A19CECBE22F36E6D002BF935 /* LaunchScreen.storyboard */ = {
			isa = PBXVariantGroup;
			children = (
				A19CECBF22F36E6D002BF935 /* Base */,
			);
			name = LaunchScreen.storyboard;
			sourceTree = "<group>";
		};
/* End PBXVariantGroup section */

/* Begin XCBuildConfiguration section */
		A19CECD822F36E6D002BF935 /* Debug */ = {
			isa = XCBuildConfiguration;
			buildSettings = {
				ALWAYS_SEARCH_USER_PATHS = NO;
				CLANG_ANALYZER_NONNULL = YES;
				CLANG_ANALYZER_NUMBER_OBJECT_CONVERSION = YES_AGGRESSIVE;
				CLANG_CXX_LANGUAGE_STANDARD = "gnu++14";
				CLANG_CXX_LIBRARY = "libc++";
				CLANG_ENABLE_MODULES = YES;
				CLANG_ENABLE_OBJC_ARC = YES;
				CLANG_ENABLE_OBJC_WEAK = YES;
				CLANG_WARN_BLOCK_CAPTURE_AUTORELEASING = YES;
				CLANG_WARN_BOOL_CONVERSION = YES;
				CLANG_WARN_COMMA = YES;
				CLANG_WARN_CONSTANT_CONVERSION = YES;
				CLANG_WARN_DEPRECATED_OBJC_IMPLEMENTATIONS = YES;
				CLANG_WARN_DIRECT_OBJC_ISA_USAGE = YES_ERROR;
				CLANG_WARN_DOCUMENTATION_COMMENTS = YES;
				CLANG_WARN_EMPTY_BODY = YES;
				CLANG_WARN_ENUM_CONVERSION = YES;
				CLANG_WARN_INFINITE_RECURSION = YES;
				CLANG_WARN_INT_CONVERSION = YES;
				CLANG_WARN_NON_LITERAL_NULL_CONVERSION = YES;
				CLANG_WARN_OBJC_IMPLICIT_RETAIN_SELF = YES;
				CLANG_WARN_OBJC_LITERAL_CONVERSION = YES;
				CLANG_WARN_OBJC_ROOT_CLASS = YES_ERROR;
				CLANG_WARN_RANGE_LOOP_ANALYSIS = YES;
				CLANG_WARN_STRICT_PROTOTYPES = YES;
				CLANG_WARN_SUSPICIOUS_MOVE = YES;
				CLANG_WARN_UNGUARDED_AVAILABILITY = YES_AGGRESSIVE;
				CLANG_WARN_UNREACHABLE_CODE = YES;
				CLANG_WARN__DUPLICATE_METHOD_MATCH = YES;
				COPY_PHASE_STRIP = NO;
				DEBUG_INFORMATION_FORMAT = dwarf;
				ENABLE_STRICT_OBJC_MSGSEND = YES;
				ENABLE_TESTABILITY = YES;
				GCC_C_LANGUAGE_STANDARD = gnu11;
				GCC_DYNAMIC_NO_PIC = NO;
				GCC_NO_COMMON_BLOCKS = YES;
				GCC_OPTIMIZATION_LEVEL = 0;
				GCC_PREPROCESSOR_DEFINITIONS = (
					"DEBUG=1",
					"$(inherited)",
				);
				GCC_WARN_64_TO_32_BIT_CONVERSION = YES;
				GCC_WARN_ABOUT_RETURN_TYPE = YES_ERROR;
				GCC_WARN_UNDECLARED_SELECTOR = YES;
				GCC_WARN_UNINITIALIZED_AUTOS = YES_AGGRESSIVE;
				GCC_WARN_UNUSED_FUNCTION = YES;
				GCC_WARN_UNUSED_VARIABLE = YES;
				IPHONEOS_DEPLOYMENT_TARGET = 13.0;
				MTL_ENABLE_DEBUG_INFO = INCLUDE_SOURCE;
				MTL_FAST_MATH = YES;
				ONLY_ACTIVE_ARCH = YES;
				SDKROOT = iphoneos;
				SWIFT_ACTIVE_COMPILATION_CONDITIONS = DEBUG;
				SWIFT_OPTIMIZATION_LEVEL = "-Onone";
			};
			name = Debug;
		};
		A19CECD922F36E6D002BF935 /* Release */ = {
			isa = XCBuildConfiguration;
			buildSettings = {
				ALWAYS_SEARCH_USER_PATHS = NO;
				CLANG_ANALYZER_NONNULL = YES;
				CLANG_ANALYZER_NUMBER_OBJECT_CONVERSION = YES_AGGRESSIVE;
				CLANG_CXX_LANGUAGE_STANDARD = "gnu++14";
				CLANG_CXX_LIBRARY = "libc++";
				CLANG_ENABLE_MODULES = YES;
				CLANG_ENABLE_OBJC_ARC = YES;
				CLANG_ENABLE_OBJC_WEAK = YES;
				CLANG_WARN_BLOCK_CAPTURE_AUTORELEASING = YES;
				CLANG_WARN_BOOL_CONVERSION = YES;
				CLANG_WARN_COMMA = YES;
				CLANG_WARN_CONSTANT_CONVERSION = YES;
				CLANG_WARN_DEPRECATED_OBJC_IMPLEMENTATIONS = YES;
				CLANG_WARN_DIRECT_OBJC_ISA_USAGE = YES_ERROR;
				CLANG_WARN_DOCUMENTATION_COMMENTS = YES;
				CLANG_WARN_EMPTY_BODY = YES;
				CLANG_WARN_ENUM_CONVERSION = YES;
				CLANG_WARN_INFINITE_RECURSION = YES;
				CLANG_WARN_INT_CONVERSION = YES;
				CLANG_WARN_NON_LITERAL_NULL_CONVERSION = YES;
				CLANG_WARN_OBJC_IMPLICIT_RETAIN_SELF = YES;
				CLANG_WARN_OBJC_LITERAL_CONVERSION = YES;
				CLANG_WARN_OBJC_ROOT_CLASS = YES_ERROR;
				CLANG_WARN_RANGE_LOOP_ANALYSIS = YES;
				CLANG_WARN_STRICT_PROTOTYPES = YES;
				CLANG_WARN_SUSPICIOUS_MOVE = YES;
				CLANG_WARN_UNGUARDED_AVAILABILITY = YES_AGGRESSIVE;
				CLANG_WARN_UNREACHABLE_CODE = YES;
				CLANG_WARN__DUPLICATE_METHOD_MATCH = YES;
				COPY_PHASE_STRIP = NO;
				DEBUG_INFORMATION_FORMAT = "dwarf-with-dsym";
				ENABLE_NS_ASSERTIONS = NO;
				ENABLE_STRICT_OBJC_MSGSEND = YES;
				GCC_C_LANGUAGE_STANDARD = gnu11;
				GCC_NO_COMMON_BLOCKS = YES;
				GCC_WARN_64_TO_32_BIT_CONVERSION = YES;
				GCC_WARN_ABOUT_RETURN_TYPE = YES_ERROR;
				GCC_WARN_UNDECLARED_SELECTOR = YES;
				GCC_WARN_UNINITIALIZED_AUTOS = YES_AGGRESSIVE;
				GCC_WARN_UNUSED_FUNCTION = YES;
				GCC_WARN_UNUSED_VARIABLE = YES;
				IPHONEOS_DEPLOYMENT_TARGET = 13.0;
				MTL_ENABLE_DEBUG_INFO = NO;
				MTL_FAST_MATH = YES;
				SDKROOT = iphoneos;
				SWIFT_COMPILATION_MODE = wholemodule;
				SWIFT_OPTIMIZATION_LEVEL = "-O";
				VALIDATE_PRODUCT = YES;
			};
			name = Release;
		};
		A19CECDB22F36E6D002BF935 /* Debug */ = {
			isa = XCBuildConfiguration;
			buildSettings = {
				ASSETCATALOG_COMPILER_APPICON_NAME = AppIcon;
				CODE_SIGN_IDENTITY = "Apple Development";
				CODE_SIGN_STYLE = Automatic;
				DEVELOPMENT_ASSET_PATHS = "StaySafe/Preview\\ Content";
				DEVELOPMENT_TEAM = 4W294URY36;
				ENABLE_PREVIEWS = YES;
				INFOPLIST_FILE = StaySafe/Info.plist;
				IPHONEOS_DEPLOYMENT_TARGET = 13.0;
				LD_RUNPATH_SEARCH_PATHS = (
					"$(inherited)",
					"@executable_path/Frameworks",
				);
				PRODUCT_BUNDLE_IDENTIFIER = stud.StaySafe;
				PRODUCT_NAME = "$(TARGET_NAME)";
				SWIFT_VERSION = 5.0;
				TARGETED_DEVICE_FAMILY = "1,2";
			};
			name = Debug;
		};
		A19CECDC22F36E6D002BF935 /* Release */ = {
			isa = XCBuildConfiguration;
			buildSettings = {
				ASSETCATALOG_COMPILER_APPICON_NAME = AppIcon;
				CODE_SIGN_IDENTITY = "Apple Development";
				CODE_SIGN_STYLE = Automatic;
				DEVELOPMENT_ASSET_PATHS = "StaySafe/Preview\\ Content";
				DEVELOPMENT_TEAM = 4W294URY36;
				ENABLE_PREVIEWS = YES;
				INFOPLIST_FILE = StaySafe/Info.plist;
				IPHONEOS_DEPLOYMENT_TARGET = 13.0;
				LD_RUNPATH_SEARCH_PATHS = (
					"$(inherited)",
					"@executable_path/Frameworks",
				);
				PRODUCT_BUNDLE_IDENTIFIER = stud.StaySafe;
				PRODUCT_NAME = "$(TARGET_NAME)";
				SWIFT_VERSION = 5.0;
				TARGETED_DEVICE_FAMILY = "1,2";
			};
			name = Release;
		};
		A19CECDE22F36E6D002BF935 /* Debug */ = {
			isa = XCBuildConfiguration;
			buildSettings = {
				ALWAYS_EMBED_SWIFT_STANDARD_LIBRARIES = YES;
				BUNDLE_LOADER = "$(TEST_HOST)";
				CODE_SIGN_STYLE = Automatic;
				INFOPLIST_FILE = StaySafeTests/Info.plist;
				LD_RUNPATH_SEARCH_PATHS = (
					"$(inherited)",
					"@executable_path/Frameworks",
					"@loader_path/Frameworks",
				);
				PRODUCT_BUNDLE_IDENTIFIER = stud.StaySafeTests;
				PRODUCT_NAME = "$(TARGET_NAME)";
				SWIFT_VERSION = 5.0;
				TARGETED_DEVICE_FAMILY = "1,2";
				TEST_HOST = "$(BUILT_PRODUCTS_DIR)/StaySafe.app/StaySafe";
			};
			name = Debug;
		};
		A19CECDF22F36E6D002BF935 /* Release */ = {
			isa = XCBuildConfiguration;
			buildSettings = {
				ALWAYS_EMBED_SWIFT_STANDARD_LIBRARIES = YES;
				BUNDLE_LOADER = "$(TEST_HOST)";
				CODE_SIGN_STYLE = Automatic;
				INFOPLIST_FILE = StaySafeTests/Info.plist;
				LD_RUNPATH_SEARCH_PATHS = (
					"$(inherited)",
					"@executable_path/Frameworks",
					"@loader_path/Frameworks",
				);
				PRODUCT_BUNDLE_IDENTIFIER = stud.StaySafeTests;
				PRODUCT_NAME = "$(TARGET_NAME)";
				SWIFT_VERSION = 5.0;
				TARGETED_DEVICE_FAMILY = "1,2";
				TEST_HOST = "$(BUILT_PRODUCTS_DIR)/StaySafe.app/StaySafe";
			};
			name = Release;
		};
		A19CECE122F36E6D002BF935 /* Debug */ = {
			isa = XCBuildConfiguration;
			buildSettings = {
				ALWAYS_EMBED_SWIFT_STANDARD_LIBRARIES = YES;
				CODE_SIGN_STYLE = Automatic;
				INFOPLIST_FILE = StaySafeUITests/Info.plist;
				LD_RUNPATH_SEARCH_PATHS = (
					"$(inherited)",
					"@executable_path/Frameworks",
					"@loader_path/Frameworks",
				);
				PRODUCT_BUNDLE_IDENTIFIER = stud.StaySafeUITests;
				PRODUCT_NAME = "$(TARGET_NAME)";
				SWIFT_VERSION = 5.0;
				TARGETED_DEVICE_FAMILY = "1,2";
				TEST_TARGET_NAME = StaySafe;
			};
			name = Debug;
		};
		A19CECE222F36E6D002BF935 /* Release */ = {
			isa = XCBuildConfiguration;
			buildSettings = {
				ALWAYS_EMBED_SWIFT_STANDARD_LIBRARIES = YES;
				CODE_SIGN_STYLE = Automatic;
				INFOPLIST_FILE = StaySafeUITests/Info.plist;
				LD_RUNPATH_SEARCH_PATHS = (
					"$(inherited)",
					"@executable_path/Frameworks",
					"@loader_path/Frameworks",
				);
				PRODUCT_BUNDLE_IDENTIFIER = stud.StaySafeUITests;
				PRODUCT_NAME = "$(TARGET_NAME)";
				SWIFT_VERSION = 5.0;
				TARGETED_DEVICE_FAMILY = "1,2";
				TEST_TARGET_NAME = StaySafe;
			};
			name = Release;
		};
/* End XCBuildConfiguration section */

/* Begin XCConfigurationList section */
		A19CECAB22F36E6B002BF935 /* Build configuration list for PBXProject "StaySafe" */ = {
			isa = XCConfigurationList;
			buildConfigurations = (
				A19CECD822F36E6D002BF935 /* Debug */,
				A19CECD922F36E6D002BF935 /* Release */,
			);
			defaultConfigurationIsVisible = 0;
			defaultConfigurationName = Release;
		};
		A19CECDA22F36E6D002BF935 /* Build configuration list for PBXNativeTarget "StaySafe" */ = {
			isa = XCConfigurationList;
			buildConfigurations = (
				A19CECDB22F36E6D002BF935 /* Debug */,
				A19CECDC22F36E6D002BF935 /* Release */,
			);
			defaultConfigurationIsVisible = 0;
			defaultConfigurationName = Release;
		};
		A19CECDD22F36E6D002BF935 /* Build configuration list for PBXNativeTarget "StaySafeTests" */ = {
			isa = XCConfigurationList;
			buildConfigurations = (
				A19CECDE22F36E6D002BF935 /* Debug */,
				A19CECDF22F36E6D002BF935 /* Release */,
			);
			defaultConfigurationIsVisible = 0;
			defaultConfigurationName = Release;
		};
		A19CECE022F36E6D002BF935 /* Build configuration list for PBXNativeTarget "StaySafeUITests" */ = {
			isa = XCConfigurationList;
			buildConfigurations = (
				A19CECE122F36E6D002BF935 /* Debug */,
				A19CECE222F36E6D002BF935 /* Release */,
			);
			defaultConfigurationIsVisible = 0;
			defaultConfigurationName = Release;
		};
/* End XCConfigurationList section */
	};
	rootObject = A19CECA822F36E6B002BF935 /* Project object */;
}
